
Microsoft Visual Studio Solution File, Format Version 12.00
# Visual Studio Version 17
VisualStudioVersion = 17.5.002.0
MinimumVisualStudioVersion = 10.0.40219.1
Project("{9A19103F-16F7-4668-BE54-9A1E7A4F7556}") = "Assignment1", "Assignment1\Assignment1.csproj", "{EF633527-56C9-4DB2-85B0-F548CE93DA3E}"
EndProject
Project("{9A19103F-16F7-4668-BE54-9A1E7A4F7556}") = "FirstConsoleApp", "FirstConsoleApp\FirstConsoleApp.csproj", "{B4CFEF87-C319-469E-AE09-67B0FCCD4A46}"
EndProject
Project("{2150E333-8FDC-42A3-9474-1A3956D46DE8}") = "Assignment1 (1)", "Assignment1", "{71FEE1AC-ACB8-4824-BA32-C7D32CBC4B3E}"
EndProject
Project("{9A19103F-16F7-4668-BE54-9A1E7A4F7556}") = "Greeter", "Assignment1\Greeter\Greeter.csproj", "{34D3B9CC-EB3D-4DFB-AB92-AE2E24D6767B}"
EndProject
Global
	GlobalSection(SolutionConfigurationPlatforms) = preSolution
		Debug|Any CPU = Debug|Any CPU
		Release|Any CPU = Release|Any CPU
	EndGlobalSection
	GlobalSection(ProjectConfigurationPlatforms) = postSolution
		{EF633527-56C9-4DB2-85B0-F548CE93DA3E}.Debug|Any CPU.ActiveCfg = Debug|Any CPU
		{EF633527-56C9-4DB2-85B0-F548CE93DA3E}.Debug|Any CPU.Build.0 = Debug|Any CPU
		{EF633527-56C9-4DB2-85B0-F548CE93DA3E}.Release|Any CPU.ActiveCfg = Release|Any CPU
		{EF633527-56C9-4DB2-85B0-F548CE93DA3E}.Release|Any CPU.Build.0 = Release|Any CPU
		{B4CFEF87-C319-469E-AE09-67B0FCCD4A46}.Debug|Any CPU.ActiveCfg = Debug|Any CPU
		{B4CFEF87-C319-469E-AE09-67B0FCCD4A46}.Debug|Any CPU.Build.0 = Debug|Any CPU
		{B4CFEF87-C319-469E-AE09-67B0FCCD4A46}.Release|Any CPU.ActiveCfg = Release|Any CPU
		{B4CFEF87-C319-469E-AE09-67B0FCCD4A46}.Release|Any CPU.Build.0 = Release|Any CPU
		{34D3B9CC-EB3D-4DFB-AB92-AE2E24D6767B}.Debug|Any CPU.ActiveCfg = Debug|Any CPU
		{34D3B9CC-EB3D-4DFB-AB92-AE2E24D6767B}.Debug|Any CPU.Build.0 = Debug|Any CPU
		{34D3B9CC-EB3D-4DFB-AB92-AE2E24D6767B}.Release|Any CPU.ActiveCfg = Release|Any CPU
		{34D3B9CC-EB3D-4DFB-AB92-AE2E24D6767B}.Release|Any CPU.Build.0 = Release|Any CPU
	EndGlobalSection
	GlobalSection(SolutionProperties) = preSolution
		HideSolutionNode = FALSE
	EndGlobalSection
	GlobalSection(NestedProjects) = preSolution
		{34D3B9CC-EB3D-4DFB-AB92-AE2E24D6767B} = {71FEE1AC-ACB8-4824-BA32-C7D32CBC4B3E}
	EndGlobalSection
	GlobalSection(ExtensibilityGlobals) = postSolution
		SolutionGuid = {AD2F672A-8BD9-4DA1-A35A-AEC71FC219FB}
	EndGlobalSection
EndGlobal
